
Microsoft Visual Studio Solution File, Format Version 12.00
# Visual Studio Version 16
VisualStudioVersion = 16.0.31410.357
MinimumVisualStudioVersion = 10.0.40219.1
Project("{2150E333-8FDC-42A3-9474-1A3956D46DE8}") = "Data", "Data", "{60321E68-863C-4C23-94B6-A6B29E954028}"
EndProject
Project("{FAE04EC0-301F-11D3-BF4B-00C04F79EFBC}") = "ChefsKiss.Data", "Data\ChefsKiss.Data\ChefsKiss.Data.csproj", "{242BF32E-2FFC-47A0-B94D-56FA45B451E3}"
EndProject
Project("{FAE04EC0-301F-11D3-BF4B-00C04F79EFBC}") = "ChefsKiss.Data.Models", "Data\ChefsKiss.Data.Models\ChefsKiss.Data.Models.csproj", "{B9E3DFB2-FA24-44DF-9F9D-98336B9ADAD7}"
EndProject
Project("{FAE04EC0-301F-11D3-BF4B-00C04F79EFBC}") = "ChefsKiss.Data.Common", "Data\ChefsKiss.Data.Common\ChefsKiss.Data.Common.csproj", "{4AC30702-5961-4067-906F-A2BD9464FFD5}"
EndProject
Project("{2150E333-8FDC-42A3-9474-1A3956D46DE8}") = "Common", "Common", "{52553279-4FC1-42A9-8618-0F207EE0C4AB}"
EndProject
Project("{FAE04EC0-301F-11D3-BF4B-00C04F79EFBC}") = "ChefsKiss.Common", "Common\ChefsKiss.Common\ChefsKiss.Common.csproj", "{EA868529-4CB5-4D57-AA09-285B40D4DC41}"
EndProject
Project("{2150E333-8FDC-42A3-9474-1A3956D46DE8}") = "Web", "Web", "{E73EC364-1482-4449-A397-3F4407D018AE}"
EndProject
Project("{FAE04EC0-301F-11D3-BF4B-00C04F79EFBC}") = "ChefsKiss.Web", "Web\ChefsKiss.Web\ChefsKiss.Web.csproj", "{67C7929B-538F-4AE8-AC14-4B691728ADC3}"
EndProject
Project("{2150E333-8FDC-42A3-9474-1A3956D46DE8}") = "Services", "Services", "{4B09741D-9437-4D02-AB7B-F0AA7BB15F22}"
EndProject
Project("{FAE04EC0-301F-11D3-BF4B-00C04F79EFBC}") = "ChefsKiss.Services.Mapping", "Services\ChefsKiss.Services.Mapping\ChefsKiss.Services.Mapping.csproj", "{58254219-A336-4F30-9DB5-E862D7E2C3D7}"
EndProject
Project("{FAE04EC0-301F-11D3-BF4B-00C04F79EFBC}") = "ChefsKiss.Services.IO", "Services\ChefsKiss.Services.IO\ChefsKiss.Services.IO.csproj", "{282BF9E9-C84D-48BE-A346-AC3A0E788EC8}"
EndProject
Project("{FAE04EC0-301F-11D3-BF4B-00C04F79EFBC}") = "ChefsKiss.Services.Validation", "Services\ChefsKiss.Services.Validation\ChefsKiss.Services.Validation.csproj", "{4F535C79-8D24-4B07-9C36-0092E82358A0}"
EndProject
Project("{FAE04EC0-301F-11D3-BF4B-00C04F79EFBC}") = "ChefsKiss.Data.Seeding", "Data\ChefsKiss.Data.Seeding\ChefsKiss.Data.Seeding.csproj", "{9EF0FFF9-57CB-4CFA-83D8-924FEC2C02F2}"
EndProject
Project("{FAE04EC0-301F-11D3-BF4B-00C04F79EFBC}") = "ChefsKiss.Web.Infrastructure", "Web\ChefsKiss.Web.Infrastructure\ChefsKiss.Web.Infrastructure.csproj", "{0AFB844C-DAFD-484F-89BF-7252C393B9D1}"
EndProject
Global
	GlobalSection(SolutionProperties) = preSolution
		HideSolutionNode = FALSE
	EndGlobalSection
	GlobalSection(ExtensibilityGlobals) = postSolution
		SolutionGuid = {1D5D7597-31B8-424A-922B-BFF6BC16C928}
	EndGlobalSection
	GlobalSection(SolutionConfigurationPlatforms) = preSolution
		Debug|Any CPU = Debug|Any CPU
		Debug|x64 = Debug|x64
		Debug|x86 = Debug|x86
		Release|Any CPU = Release|Any CPU
		Release|x64 = Release|x64
		Release|x86 = Release|x86
	EndGlobalSection
	GlobalSection(ProjectConfigurationPlatforms) = postSolution
		{242BF32E-2FFC-47A0-B94D-56FA45B451E3}.Debug|Any CPU.ActiveCfg = Debug|Any CPU
		{242BF32E-2FFC-47A0-B94D-56FA45B451E3}.Debug|Any CPU.Build.0 = Debug|Any CPU
		{242BF32E-2FFC-47A0-B94D-56FA45B451E3}.Debug|x64.ActiveCfg = Debug|Any CPU
		{242BF32E-2FFC-47A0-B94D-56FA45B451E3}.Debug|x64.Build.0 = Debug|Any CPU
		{242BF32E-2FFC-47A0-B94D-56FA45B451E3}.Debug|x86.ActiveCfg = Debug|Any CPU
		{242BF32E-2FFC-47A0-B94D-56FA45B451E3}.Debug|x86.Build.0 = Debug|Any CPU
		{242BF32E-2FFC-47A0-B94D-56FA45B451E3}.Release|Any CPU.ActiveCfg = Release|Any CPU
		{242BF32E-2FFC-47A0-B94D-56FA45B451E3}.Release|Any CPU.Build.0 = Release|Any CPU
		{242BF32E-2FFC-47A0-B94D-56FA45B451E3}.Release|x64.ActiveCfg = Release|Any CPU
		{242BF32E-2FFC-47A0-B94D-56FA45B451E3}.Release|x64.Build.0 = Release|Any CPU
		{242BF32E-2FFC-47A0-B94D-56FA45B451E3}.Release|x86.ActiveCfg = Release|Any CPU
		{242BF32E-2FFC-47A0-B94D-56FA45B451E3}.Release|x86.Build.0 = Release|Any CPU
		{B9E3DFB2-FA24-44DF-9F9D-98336B9ADAD7}.Debug|Any CPU.ActiveCfg = Debug|Any CPU
		{B9E3DFB2-FA24-44DF-9F9D-98336B9ADAD7}.Debug|Any CPU.Build.0 = Debug|Any CPU
		{B9E3DFB2-FA24-44DF-9F9D-98336B9ADAD7}.Debug|x64.ActiveCfg = Debug|Any CPU
		{B9E3DFB2-FA24-44DF-9F9D-98336B9ADAD7}.Debug|x64.Build.0 = Debug|Any CPU
		{B9E3DFB2-FA24-44DF-9F9D-98336B9ADAD7}.Debug|x86.ActiveCfg = Debug|Any CPU
		{B9E3DFB2-FA24-44DF-9F9D-98336B9ADAD7}.Debug|x86.Build.0 = Debug|Any CPU
		{B9E3DFB2-FA24-44DF-9F9D-98336B9ADAD7}.Release|Any CPU.ActiveCfg = Release|Any CPU
		{B9E3DFB2-FA24-44DF-9F9D-98336B9ADAD7}.Release|Any CPU.Build.0 = Release|Any CPU
		{B9E3DFB2-FA24-44DF-9F9D-98336B9ADAD7}.Release|x64.ActiveCfg = Release|Any CPU
		{B9E3DFB2-FA24-44DF-9F9D-98336B9ADAD7}.Release|x64.Build.0 = Release|Any CPU
		{B9E3DFB2-FA24-44DF-9F9D-98336B9ADAD7}.Release|x86.ActiveCfg = Release|Any CPU
		{B9E3DFB2-FA24-44DF-9F9D-98336B9ADAD7}.Release|x86.Build.0 = Release|Any CPU
		{4AC30702-5961-4067-906F-A2BD9464FFD5}.Debug|Any CPU.ActiveCfg = Debug|Any CPU
		{4AC30702-5961-4067-906F-A2BD9464FFD5}.Debug|Any CPU.Build.0 = Debug|Any CPU
		{4AC30702-5961-4067-906F-A2BD9464FFD5}.Debug|x64.ActiveCfg = Debug|Any CPU
		{4AC30702-5961-4067-906F-A2BD9464FFD5}.Debug|x64.Build.0 = Debug|Any CPU
		{4AC30702-5961-4067-906F-A2BD9464FFD5}.Debug|x86.ActiveCfg = Debug|Any CPU
		{4AC30702-5961-4067-906F-A2BD9464FFD5}.Debug|x86.Build.0 = Debug|Any CPU
		{4AC30702-5961-4067-906F-A2BD9464FFD5}.Release|Any CPU.ActiveCfg = Release|Any CPU
		{4AC30702-5961-4067-906F-A2BD9464FFD5}.Release|Any CPU.Build.0 = Release|Any CPU
		{4AC30702-5961-4067-906F-A2BD9464FFD5}.Release|x64.ActiveCfg = Release|Any CPU
		{4AC30702-5961-4067-906F-A2BD9464FFD5}.Release|x64.Build.0 = Release|Any CPU
		{4AC30702-5961-4067-906F-A2BD9464FFD5}.Release|x86.ActiveCfg = Release|Any CPU
		{4AC30702-5961-4067-906F-A2BD9464FFD5}.Release|x86.Build.0 = Release|Any CPU
		{EA868529-4CB5-4D57-AA09-285B40D4DC41}.Debug|Any CPU.ActiveCfg = Debug|Any CPU
		{EA868529-4CB5-4D57-AA09-285B40D4DC41}.Debug|Any CPU.Build.0 = Debug|Any CPU
		{EA868529-4CB5-4D57-AA09-285B40D4DC41}.Debug|x64.ActiveCfg = Debug|Any CPU
		{EA868529-4CB5-4D57-AA09-285B40D4DC41}.Debug|x64.Build.0 = Debug|Any CPU
		{EA868529-4CB5-4D57-AA09-285B40D4DC41}.Debug|x86.ActiveCfg = Debug|Any CPU
		{EA868529-4CB5-4D57-AA09-285B40D4DC41}.Debug|x86.Build.0 = Debug|Any CPU
		{EA868529-4CB5-4D57-AA09-285B40D4DC41}.Release|Any CPU.ActiveCfg = Release|Any CPU
		{EA868529-4CB5-4D57-AA09-285B40D4DC41}.Release|Any CPU.Build.0 = Release|Any CPU
		{EA868529-4CB5-4D57-AA09-285B40D4DC41}.Release|x64.ActiveCfg = Release|Any CPU
		{EA868529-4CB5-4D57-AA09-285B40D4DC41}.Release|x64.Build.0 = Release|Any CPU
		{EA868529-4CB5-4D57-AA09-285B40D4DC41}.Release|x86.ActiveCfg = Release|Any CPU
		{EA868529-4CB5-4D57-AA09-285B40D4DC41}.Release|x86.Build.0 = Release|Any CPU
		{67C7929B-538F-4AE8-AC14-4B691728ADC3}.Debug|Any CPU.ActiveCfg = Debug|Any CPU
		{67C7929B-538F-4AE8-AC14-4B691728ADC3}.Debug|Any CPU.Build.0 = Debug|Any CPU
		{67C7929B-538F-4AE8-AC14-4B691728ADC3}.Debug|x64.ActiveCfg = Debug|Any CPU
		{67C7929B-538F-4AE8-AC14-4B691728ADC3}.Debug|x64.Build.0 = Debug|Any CPU
		{67C7929B-538F-4AE8-AC14-4B691728ADC3}.Debug|x86.ActiveCfg = Debug|Any CPU
		{67C7929B-538F-4AE8-AC14-4B691728ADC3}.Debug|x86.Build.0 = Debug|Any CPU
		{67C7929B-538F-4AE8-AC14-4B691728ADC3}.Release|Any CPU.ActiveCfg = Release|Any CPU
		{67C7929B-538F-4AE8-AC14-4B691728ADC3}.Release|Any CPU.Build.0 = Release|Any CPU
		{67C7929B-538F-4AE8-AC14-4B691728ADC3}.Release|x64.ActiveCfg = Release|Any CPU
		{67C7929B-538F-4AE8-AC14-4B691728ADC3}.Release|x64.Build.0 = Release|Any CPU
		{67C7929B-538F-4AE8-AC14-4B691728ADC3}.Release|x86.ActiveCfg = Release|Any CPU
		{67C7929B-538F-4AE8-AC14-4B691728ADC3}.Release|x86.Build.0 = Release|Any CPU
		{58254219-A336-4F30-9DB5-E862D7E2C3D7}.Debug|Any CPU.ActiveCfg = Debug|Any CPU
		{58254219-A336-4F30-9DB5-E862D7E2C3D7}.Debug|Any CPU.Build.0 = Debug|Any CPU
		{58254219-A336-4F30-9DB5-E862D7E2C3D7}.Debug|x64.ActiveCfg = Debug|Any CPU
		{58254219-A336-4F30-9DB5-E862D7E2C3D7}.Debug|x64.Build.0 = Debug|Any CPU
		{58254219-A336-4F30-9DB5-E862D7E2C3D7}.Debug|x86.ActiveCfg = Debug|Any CPU
		{58254219-A336-4F30-9DB5-E862D7E2C3D7}.Debug|x86.Build.0 = Debug|Any CPU
		{58254219-A336-4F30-9DB5-E862D7E2C3D7}.Release|Any CPU.ActiveCfg = Release|Any CPU
		{58254219-A336-4F30-9DB5-E862D7E2C3D7}.Release|Any CPU.Build.0 = Release|Any CPU
		{58254219-A336-4F30-9DB5-E862D7E2C3D7}.Release|x64.ActiveCfg = Release|Any CPU
		{58254219-A336-4F30-9DB5-E862D7E2C3D7}.Release|x64.Build.0 = Release|Any CPU
		{58254219-A336-4F30-9DB5-E862D7E2C3D7}.Release|x86.ActiveCfg = Release|Any CPU
		{58254219-A336-4F30-9DB5-E862D7E2C3D7}.Release|x86.Build.0 = Release|Any CPU
		{282BF9E9-C84D-48BE-A346-AC3A0E788EC8}.Debug|Any CPU.ActiveCfg = Debug|Any CPU
		{282BF9E9-C84D-48BE-A346-AC3A0E788EC8}.Debug|Any CPU.Build.0 = Debug|Any CPU
		{282BF9E9-C84D-48BE-A346-AC3A0E788EC8}.Debug|x64.ActiveCfg = Debug|Any CPU
		{282BF9E9-C84D-48BE-A346-AC3A0E788EC8}.Debug|x64.Build.0 = Debug|Any CPU
		{282BF9E9-C84D-48BE-A346-AC3A0E788EC8}.Debug|x86.ActiveCfg = Debug|Any CPU
		{282BF9E9-C84D-48BE-A346-AC3A0E788EC8}.Debug|x86.Build.0 = Debug|Any CPU
		{282BF9E9-C84D-48BE-A346-AC3A0E788EC8}.Release|Any CPU.ActiveCfg = Release|Any CPU
		{282BF9E9-C84D-48BE-A346-AC3A0E788EC8}.Release|Any CPU.Build.0 = Release|Any CPU
		{282BF9E9-C84D-48BE-A346-AC3A0E788EC8}.Release|x64.ActiveCfg = Release|Any CPU
		{282BF9E9-C84D-48BE-A346-AC3A0E788EC8}.Release|x64.Build.0 = Release|Any CPU
		{282BF9E9-C84D-48BE-A346-AC3A0E788EC8}.Release|x86.ActiveCfg = Release|Any CPU
		{282BF9E9-C84D-48BE-A346-AC3A0E788EC8}.Release|x86.Build.0 = Release|Any CPU
		{4F535C79-8D24-4B07-9C36-0092E82358A0}.Debug|Any CPU.ActiveCfg = Debug|Any CPU
		{4F535C79-8D24-4B07-9C36-0092E82358A0}.Debug|Any CPU.Build.0 = Debug|Any CPU
		{4F535C79-8D24-4B07-9C36-0092E82358A0}.Debug|x64.ActiveCfg = Debug|Any CPU
		{4F535C79-8D24-4B07-9C36-0092E82358A0}.Debug|x64.Build.0 = Debug|Any CPU
		{4F535C79-8D24-4B07-9C36-0092E82358A0}.Debug|x86.ActiveCfg = Debug|Any CPU
		{4F535C79-8D24-4B07-9C36-0092E82358A0}.Debug|x86.Build.0 = Debug|Any CPU
		{4F535C79-8D24-4B07-9C36-0092E82358A0}.Release|Any CPU.ActiveCfg = Release|Any CPU
		{4F535C79-8D24-4B07-9C36-0092E82358A0}.Release|Any CPU.Build.0 = Release|Any CPU
		{4F535C79-8D24-4B07-9C36-0092E82358A0}.Release|x64.ActiveCfg = Release|Any CPU
		{4F535C79-8D24-4B07-9C36-0092E82358A0}.Release|x64.Build.0 = Release|Any CPU
		{4F535C79-8D24-4B07-9C36-0092E82358A0}.Release|x86.ActiveCfg = Release|Any CPU
		{4F535C79-8D24-4B07-9C36-0092E82358A0}.Release|x86.Build.0 = Release|Any CPU
		{9EF0FFF9-57CB-4CFA-83D8-924FEC2C02F2}.Debug|Any CPU.ActiveCfg = Debug|Any CPU
		{9EF0FFF9-57CB-4CFA-83D8-924FEC2C02F2}.Debug|Any CPU.Build.0 = Debug|Any CPU
		{9EF0FFF9-57CB-4CFA-83D8-924FEC2C02F2}.Debug|x64.ActiveCfg = Debug|Any CPU
		{9EF0FFF9-57CB-4CFA-83D8-924FEC2C02F2}.Debug|x64.Build.0 = Debug|Any CPU
		{9EF0FFF9-57CB-4CFA-83D8-924FEC2C02F2}.Debug|x86.ActiveCfg = Debug|Any CPU
		{9EF0FFF9-57CB-4CFA-83D8-924FEC2C02F2}.Debug|x86.Build.0 = Debug|Any CPU
		{9EF0FFF9-57CB-4CFA-83D8-924FEC2C02F2}.Release|Any CPU.ActiveCfg = Release|Any CPU
		{9EF0FFF9-57CB-4CFA-83D8-924FEC2C02F2}.Release|Any CPU.Build.0 = Release|Any CPU
		{9EF0FFF9-57CB-4CFA-83D8-924FEC2C02F2}.Release|x64.ActiveCfg = Release|Any CPU
		{9EF0FFF9-57CB-4CFA-83D8-924FEC2C02F2}.Release|x64.Build.0 = Release|Any CPU
		{9EF0FFF9-57CB-4CFA-83D8-924FEC2C02F2}.Release|x86.ActiveCfg = Release|Any CPU
		{9EF0FFF9-57CB-4CFA-83D8-924FEC2C02F2}.Release|x86.Build.0 = Release|Any CPU
		{0AFB844C-DAFD-484F-89BF-7252C393B9D1}.Debug|Any CPU.ActiveCfg = Debug|Any CPU
		{0AFB844C-DAFD-484F-89BF-7252C393B9D1}.Debug|Any CPU.Build.0 = Debug|Any CPU
		{0AFB844C-DAFD-484F-89BF-7252C393B9D1}.Debug|x64.ActiveCfg = Debug|Any CPU
		{0AFB844C-DAFD-484F-89BF-7252C393B9D1}.Debug|x64.Build.0 = Debug|Any CPU
		{0AFB844C-DAFD-484F-89BF-7252C393B9D1}.Debug|x86.ActiveCfg = Debug|Any CPU
		{0AFB844C-DAFD-484F-89BF-7252C393B9D1}.Debug|x86.Build.0 = Debug|Any CPU
		{0AFB844C-DAFD-484F-89BF-7252C393B9D1}.Release|Any CPU.ActiveCfg = Release|Any CPU
		{0AFB844C-DAFD-484F-89BF-7252C393B9D1}.Release|Any CPU.Build.0 = Release|Any CPU
		{0AFB844C-DAFD-484F-89BF-7252C393B9D1}.Release|x64.ActiveCfg = Release|Any CPU
		{0AFB844C-DAFD-484F-89BF-7252C393B9D1}.Release|x64.Build.0 = Release|Any CPU
		{0AFB844C-DAFD-484F-89BF-7252C393B9D1}.Release|x86.ActiveCfg = Release|Any CPU
		{0AFB844C-DAFD-484F-89BF-7252C393B9D1}.Release|x86.Build.0 = Release|Any CPU
	EndGlobalSection
	GlobalSection(NestedProjects) = preSolution
		{242BF32E-2FFC-47A0-B94D-56FA45B451E3} = {60321E68-863C-4C23-94B6-A6B29E954028}
		{B9E3DFB2-FA24-44DF-9F9D-98336B9ADAD7} = {60321E68-863C-4C23-94B6-A6B29E954028}
		{4AC30702-5961-4067-906F-A2BD9464FFD5} = {60321E68-863C-4C23-94B6-A6B29E954028}
		{EA868529-4CB5-4D57-AA09-285B40D4DC41} = {52553279-4FC1-42A9-8618-0F207EE0C4AB}
		{67C7929B-538F-4AE8-AC14-4B691728ADC3} = {E73EC364-1482-4449-A397-3F4407D018AE}
		{58254219-A336-4F30-9DB5-E862D7E2C3D7} = {4B09741D-9437-4D02-AB7B-F0AA7BB15F22}
		{282BF9E9-C84D-48BE-A346-AC3A0E788EC8} = {4B09741D-9437-4D02-AB7B-F0AA7BB15F22}
		{4F535C79-8D24-4B07-9C36-0092E82358A0} = {4B09741D-9437-4D02-AB7B-F0AA7BB15F22}
		{9EF0FFF9-57CB-4CFA-83D8-924FEC2C02F2} = {60321E68-863C-4C23-94B6-A6B29E954028}
		{0AFB844C-DAFD-484F-89BF-7252C393B9D1} = {E73EC364-1482-4449-A397-3F4407D018AE}
	EndGlobalSection
EndGlobal
