
Microsoft Visual Studio Solution File, Format Version 12.00
# Visual Studio Version 16
VisualStudioVersion = 16.0.30804.86
MinimumVisualStudioVersion = 10.0.40219.1
Project("{2150E333-8FDC-42A3-9474-1A3956D46DE8}") = "Web", "Web", "{D6E4CBEC-48AF-4DF8-8410-29F6FE92D176}"
EndProject
Project("{FAE04EC0-301F-11D3-BF4B-00C04F79EFBC}") = "ChefsKiss", "Web\ChefsKiss.Web\ChefsKiss.csproj", "{475654F2-76E2-423A-B9B9-D1C2A70D890F}"
EndProject
Global
	GlobalSection(SolutionProperties) = preSolution
		HideSolutionNode = FALSE
	EndGlobalSection
	GlobalSection(ExtensibilityGlobals) = postSolution
		SolutionGuid = {851AB38D-670B-4A90-AF7D-0CA22C843EB3}
	EndGlobalSection
	GlobalSection(SolutionConfigurationPlatforms) = preSolution
		Debug|Any CPU = Debug|Any CPU
		Debug|x64 = Debug|x64
		Debug|x86 = Debug|x86
		Release|Any CPU = Release|Any CPU
		Release|x64 = Release|x64
		Release|x86 = Release|x86
	EndGlobalSection
	GlobalSection(ProjectConfigurationPlatforms) = postSolution
		{475654F2-76E2-423A-B9B9-D1C2A70D890F}.Debug|Any CPU.ActiveCfg = Debug|Any CPU
		{475654F2-76E2-423A-B9B9-D1C2A70D890F}.Debug|Any CPU.Build.0 = Debug|Any CPU
		{475654F2-76E2-423A-B9B9-D1C2A70D890F}.Debug|x64.ActiveCfg = Debug|Any CPU
		{475654F2-76E2-423A-B9B9-D1C2A70D890F}.Debug|x64.Build.0 = Debug|Any CPU
		{475654F2-76E2-423A-B9B9-D1C2A70D890F}.Debug|x86.ActiveCfg = Debug|Any CPU
		{475654F2-76E2-423A-B9B9-D1C2A70D890F}.Debug|x86.Build.0 = Debug|Any CPU
		{475654F2-76E2-423A-B9B9-D1C2A70D890F}.Release|Any CPU.ActiveCfg = Release|Any CPU
		{475654F2-76E2-423A-B9B9-D1C2A70D890F}.Release|Any CPU.Build.0 = Release|Any CPU
		{475654F2-76E2-423A-B9B9-D1C2A70D890F}.Release|x64.ActiveCfg = Release|Any CPU
		{475654F2-76E2-423A-B9B9-D1C2A70D890F}.Release|x64.Build.0 = Release|Any CPU
		{475654F2-76E2-423A-B9B9-D1C2A70D890F}.Release|x86.ActiveCfg = Release|Any CPU
		{475654F2-76E2-423A-B9B9-D1C2A70D890F}.Release|x86.Build.0 = Release|Any CPU
	EndGlobalSection
	GlobalSection(NestedProjects) = preSolution
		{475654F2-76E2-423A-B9B9-D1C2A70D890F} = {D6E4CBEC-48AF-4DF8-8410-29F6FE92D176}
	EndGlobalSection
EndGlobal
