
Microsoft Visual Studio Solution File, Format Version 12.00
# Visual Studio Version 16
VisualStudioVersion = 16.0.30804.86
MinimumVisualStudioVersion = 10.0.40219.1
Project("{FAE04EC0-301F-11D3-BF4B-00C04F79EFBC}") = "ChefsKiss", "ChefsKiss\ChefsKiss.csproj", "{8777A9C4-C4D7-4E94-A808-F7B851115153}"
EndProject
Global
	GlobalSection(SolutionConfigurationPlatforms) = preSolution
		Debug|Any CPU = Debug|Any CPU
		Release|Any CPU = Release|Any CPU
	EndGlobalSection
	GlobalSection(ProjectConfigurationPlatforms) = postSolution
		{8777A9C4-C4D7-4E94-A808-F7B851115153}.Debug|Any CPU.ActiveCfg = Debug|Any CPU
		{8777A9C4-C4D7-4E94-A808-F7B851115153}.Debug|Any CPU.Build.0 = Debug|Any CPU
		{8777A9C4-C4D7-4E94-A808-F7B851115153}.Release|Any CPU.ActiveCfg = Release|Any CPU
		{8777A9C4-C4D7-4E94-A808-F7B851115153}.Release|Any CPU.Build.0 = Release|Any CPU
	EndGlobalSection
	GlobalSection(SolutionProperties) = preSolution
		HideSolutionNode = FALSE
	EndGlobalSection
	GlobalSection(ExtensibilityGlobals) = postSolution
		SolutionGuid = {851AB38D-670B-4A90-AF7D-0CA22C843EB3}
	EndGlobalSection
EndGlobal
